// !$*UTF8*$!
{
	archiveVersion = 1;
	classes = {
	};
	objectVersion = 56;
	objects = {

/* Begin PBXBuildFile section */
		182E29002A89F6A300614322 /* NewsTableViewCell.swift in Sources */ = {isa = PBXBuildFile; fileRef = 182E28FF2A89F6A300614322 /* NewsTableViewCell.swift */; };
		1882359A2A89F281007AEE8A /* AppDelegate.swift in Sources */ = {isa = PBXBuildFile; fileRef = 188235992A89F281007AEE8A /* AppDelegate.swift */; };
		1882359C2A89F281007AEE8A /* SceneDelegate.swift in Sources */ = {isa = PBXBuildFile; fileRef = 1882359B2A89F281007AEE8A /* SceneDelegate.swift */; };
		1882359E2A89F281007AEE8A /* NewsViewController.swift in Sources */ = {isa = PBXBuildFile; fileRef = 1882359D2A89F281007AEE8A /* NewsViewController.swift */; };
		188235A12A89F281007AEE8A /* Main.storyboard in Resources */ = {isa = PBXBuildFile; fileRef = 1882359F2A89F281007AEE8A /* Main.storyboard */; };
		188235A32A89F284007AEE8A /* Assets.xcassets in Resources */ = {isa = PBXBuildFile; fileRef = 188235A22A89F284007AEE8A /* Assets.xcassets */; };
		188235A62A89F284007AEE8A /* LaunchScreen.storyboard in Resources */ = {isa = PBXBuildFile; fileRef = 188235A42A89F284007AEE8A /* LaunchScreen.storyboard */; };
		1889DF282AE63E09009EED77 /* WebviewViewController.swift in Sources */ = {isa = PBXBuildFile; fileRef = 1889DF272AE63E09009EED77 /* WebviewViewController.swift */; };
		18D832B72ACE8C580098163E /* DetailsViewController.swift in Sources */ = {isa = PBXBuildFile; fileRef = 18D832B62ACE8C580098163E /* DetailsViewController.swift */; };
		18EF8E602B3AF2E000A902D2 /* SplashViewController.swift in Sources */ = {isa = PBXBuildFile; fileRef = 18EF8E5F2B3AF2E000A902D2 /* SplashViewController.swift */; };
		880DFBA5263BE29BB6D21943 /* Pods_NewsApi.framework in Frameworks */ = {isa = PBXBuildFile; fileRef = 6B1B95D7DE869B402A0B21F3 /* Pods_NewsApi.framework */; };
/* End PBXBuildFile section */

/* Begin PBXFileReference section */
		182E28FF2A89F6A300614322 /* NewsTableViewCell.swift */ = {isa = PBXFileReference; lastKnownFileType = sourcecode.swift; path = NewsTableViewCell.swift; sourceTree = "<group>"; };
		188235962A89F281007AEE8A /* NewsApi.app */ = {isa = PBXFileReference; explicitFileType = wrapper.application; includeInIndex = 0; path = NewsApi.app; sourceTree = BUILT_PRODUCTS_DIR; };
		188235992A89F281007AEE8A /* AppDelegate.swift */ = {isa = PBXFileReference; lastKnownFileType = sourcecode.swift; path = AppDelegate.swift; sourceTree = "<group>"; };
		1882359B2A89F281007AEE8A /* SceneDelegate.swift */ = {isa = PBXFileReference; lastKnownFileType = sourcecode.swift; path = SceneDelegate.swift; sourceTree = "<group>"; };
		1882359D2A89F281007AEE8A /* NewsViewController.swift */ = {isa = PBXFileReference; lastKnownFileType = sourcecode.swift; path = NewsViewController.swift; sourceTree = "<group>"; };
		188235A02A89F281007AEE8A /* Base */ = {isa = PBXFileReference; lastKnownFileType = file.storyboard; name = Base; path = Base.lproj/Main.storyboard; sourceTree = "<group>"; };
		188235A22A89F284007AEE8A /* Assets.xcassets */ = {isa = PBXFileReference; lastKnownFileType = folder.assetcatalog; path = Assets.xcassets; sourceTree = "<group>"; };
		188235A52A89F284007AEE8A /* Base */ = {isa = PBXFileReference; lastKnownFileType = file.storyboard; name = Base; path = Base.lproj/LaunchScreen.storyboard; sourceTree = "<group>"; };
		188235A72A89F284007AEE8A /* Info.plist */ = {isa = PBXFileReference; lastKnownFileType = text.plist.xml; path = Info.plist; sourceTree = "<group>"; };
		1889DF272AE63E09009EED77 /* WebviewViewController.swift */ = {isa = PBXFileReference; lastKnownFileType = sourcecode.swift; path = WebviewViewController.swift; sourceTree = "<group>"; };
		18D832B62ACE8C580098163E /* DetailsViewController.swift */ = {isa = PBXFileReference; lastKnownFileType = sourcecode.swift; path = DetailsViewController.swift; sourceTree = "<group>"; };
		18EF8E5F2B3AF2E000A902D2 /* SplashViewController.swift */ = {isa = PBXFileReference; lastKnownFileType = sourcecode.swift; path = SplashViewController.swift; sourceTree = "<group>"; };
		3C8AAC749AB36BAA8D89C542 /* Pods-NewsApi.release.xcconfig */ = {isa = PBXFileReference; includeInIndex = 1; lastKnownFileType = text.xcconfig; name = "Pods-NewsApi.release.xcconfig"; path = "Target Support Files/Pods-NewsApi/Pods-NewsApi.release.xcconfig"; sourceTree = "<group>"; };
		6B1B95D7DE869B402A0B21F3 /* Pods_NewsApi.framework */ = {isa = PBXFileReference; explicitFileType = wrapper.framework; includeInIndex = 0; path = Pods_NewsApi.framework; sourceTree = BUILT_PRODUCTS_DIR; };
		6E63D9C4909386F7A824FDD3 /* Pods-NewsApi.debug.xcconfig */ = {isa = PBXFileReference; includeInIndex = 1; lastKnownFileType = text.xcconfig; name = "Pods-NewsApi.debug.xcconfig"; path = "Target Support Files/Pods-NewsApi/Pods-NewsApi.debug.xcconfig"; sourceTree = "<group>"; };
/* End PBXFileReference section */

/* Begin PBXFrameworksBuildPhase section */
		188235932A89F281007AEE8A /* Frameworks */ = {
			isa = PBXFrameworksBuildPhase;
			buildActionMask = 2147483647;
			files = (
				880DFBA5263BE29BB6D21943 /* Pods_NewsApi.framework in Frameworks */,
			);
			runOnlyForDeploymentPostprocessing = 0;
		};
/* End PBXFrameworksBuildPhase section */

/* Begin PBXGroup section */
		1882358D2A89F281007AEE8A = {
			isa = PBXGroup;
			children = (
				18EF8E5F2B3AF2E000A902D2 /* SplashViewController.swift */,
				188235982A89F281007AEE8A /* NewsApi */,
				188235972A89F281007AEE8A /* Products */,
				2B8809E3E70AC529EEDB54FE /* Pods */,
				AF075C50DEB8A80EF57AD3A1 /* Frameworks */,
			);
			sourceTree = "<group>";
		};
		188235972A89F281007AEE8A /* Products */ = {
			isa = PBXGroup;
			children = (
				188235962A89F281007AEE8A /* NewsApi.app */,
			);
			name = Products;
			sourceTree = "<group>";
		};
		188235982A89F281007AEE8A /* NewsApi */ = {
			isa = PBXGroup;
			children = (
				188235992A89F281007AEE8A /* AppDelegate.swift */,
				1882359F2A89F281007AEE8A /* Main.storyboard */,
				1882359D2A89F281007AEE8A /* NewsViewController.swift */,
				182E28FF2A89F6A300614322 /* NewsTableViewCell.swift */,
				18D832B62ACE8C580098163E /* DetailsViewController.swift */,
				1882359B2A89F281007AEE8A /* SceneDelegate.swift */,
				1889DF272AE63E09009EED77 /* WebviewViewController.swift */,
				188235A22A89F284007AEE8A /* Assets.xcassets */,
				188235A42A89F284007AEE8A /* LaunchScreen.storyboard */,
				188235A72A89F284007AEE8A /* Info.plist */,
			);
			path = NewsApi;
			sourceTree = "<group>";
		};
		2B8809E3E70AC529EEDB54FE /* Pods */ = {
			isa = PBXGroup;
			children = (
				6E63D9C4909386F7A824FDD3 /* Pods-NewsApi.debug.xcconfig */,
				3C8AAC749AB36BAA8D89C542 /* Pods-NewsApi.release.xcconfig */,
			);
			path = Pods;
			sourceTree = "<group>";
		};
		AF075C50DEB8A80EF57AD3A1 /* Frameworks */ = {
			isa = PBXGroup;
			children = (
				6B1B95D7DE869B402A0B21F3 /* Pods_NewsApi.framework */,
			);
			name = Frameworks;
			sourceTree = "<group>";
		};
/* End PBXGroup section */

/* Begin PBXNativeTarget section */
		188235952A89F281007AEE8A /* NewsApi */ = {
			isa = PBXNativeTarget;
			buildConfigurationList = 188235AA2A89F284007AEE8A /* Build configuration list for PBXNativeTarget "NewsApi" */;
			buildPhases = (
				FB6D45B2940906DBFB253506 /* [CP] Check Pods Manifest.lock */,
				188235922A89F281007AEE8A /* Sources */,
				188235932A89F281007AEE8A /* Frameworks */,
				188235942A89F281007AEE8A /* Resources */,
				8AF0F2856E1DC27B7E220814 /* [CP] Embed Pods Frameworks */,
			);
			buildRules = (
			);
			dependencies = (
			);
			name = NewsApi;
			productName = NewsApi;
			productReference = 188235962A89F281007AEE8A /* NewsApi.app */;
			productType = "com.apple.product-type.application";
		};
/* End PBXNativeTarget section */

/* Begin PBXProject section */
		1882358E2A89F281007AEE8A /* Project object */ = {
			isa = PBXProject;
			attributes = {
				BuildIndependentTargetsInParallel = 1;
				LastSwiftUpdateCheck = 1430;
				LastUpgradeCheck = 1430;
				TargetAttributes = {
					188235952A89F281007AEE8A = {
						CreatedOnToolsVersion = 14.3.1;
					};
				};
			};
			buildConfigurationList = 188235912A89F281007AEE8A /* Build configuration list for PBXProject "NewsApi" */;
			compatibilityVersion = "Xcode 14.0";
			developmentRegion = en;
			hasScannedForEncodings = 0;
			knownRegions = (
				en,
				Base,
			);
			mainGroup = 1882358D2A89F281007AEE8A;
			productRefGroup = 188235972A89F281007AEE8A /* Products */;
			projectDirPath = "";
			projectRoot = "";
			targets = (
				188235952A89F281007AEE8A /* NewsApi */,
			);
		};
/* End PBXProject section */

/* Begin PBXResourcesBuildPhase section */
		188235942A89F281007AEE8A /* Resources */ = {
			isa = PBXResourcesBuildPhase;
			buildActionMask = 2147483647;
			files = (
				188235A62A89F284007AEE8A /* LaunchScreen.storyboard in Resources */,
				188235A32A89F284007AEE8A /* Assets.xcassets in Resources */,
				188235A12A89F281007AEE8A /* Main.storyboard in Resources */,
			);
			runOnlyForDeploymentPostprocessing = 0;
		};
/* End PBXResourcesBuildPhase section */

/* Begin PBXShellScriptBuildPhase section */
		8AF0F2856E1DC27B7E220814 /* [CP] Embed Pods Frameworks */ = {
			isa = PBXShellScriptBuildPhase;
			buildActionMask = 2147483647;
			files = (
			);
			inputFileListPaths = (
				"${PODS_ROOT}/Target Support Files/Pods-NewsApi/Pods-NewsApi-frameworks-${CONFIGURATION}-input-files.xcfilelist",
			);
			name = "[CP] Embed Pods Frameworks";
			outputFileListPaths = (
				"${PODS_ROOT}/Target Support Files/Pods-NewsApi/Pods-NewsApi-frameworks-${CONFIGURATION}-output-files.xcfilelist",
			);
			runOnlyForDeploymentPostprocessing = 0;
			shellPath = /bin/sh;
			shellScript = "\"${PODS_ROOT}/Target Support Files/Pods-NewsApi/Pods-NewsApi-frameworks.sh\"\n";
			showEnvVarsInLog = 0;
		};
		FB6D45B2940906DBFB253506 /* [CP] Check Pods Manifest.lock */ = {
			isa = PBXShellScriptBuildPhase;
			buildActionMask = 2147483647;
			files = (
			);
			inputFileListPaths = (
			);
			inputPaths = (
				"${PODS_PODFILE_DIR_PATH}/Podfile.lock",
				"${PODS_ROOT}/Manifest.lock",
			);
			name = "[CP] Check Pods Manifest.lock";
			outputFileListPaths = (
			);
			outputPaths = (
				"$(DERIVED_FILE_DIR)/Pods-NewsApi-checkManifestLockResult.txt",
			);
			runOnlyForDeploymentPostprocessing = 0;
			shellPath = /bin/sh;
			shellScript = "diff \"${PODS_PODFILE_DIR_PATH}/Podfile.lock\" \"${PODS_ROOT}/Manifest.lock\" > /dev/null\nif [ $? != 0 ] ; then\n    # print error to STDERR\n    echo \"error: The sandbox is not in sync with the Podfile.lock. Run 'pod install' or update your CocoaPods installation.\" >&2\n    exit 1\nfi\n# This output is used by Xcode 'outputs' to avoid re-running this script phase.\necho \"SUCCESS\" > \"${SCRIPT_OUTPUT_FILE_0}\"\n";
			showEnvVarsInLog = 0;
		};
/* End PBXShellScriptBuildPhase section */

/* Begin PBXSourcesBuildPhase section */
		188235922A89F281007AEE8A /* Sources */ = {
			isa = PBXSourcesBuildPhase;
			buildActionMask = 2147483647;
			files = (
				1882359E2A89F281007AEE8A /* NewsViewController.swift in Sources */,
				1882359A2A89F281007AEE8A /* AppDelegate.swift in Sources */,
				182E29002A89F6A300614322 /* NewsTableViewCell.swift in Sources */,
				1882359C2A89F281007AEE8A /* SceneDelegate.swift in Sources */,
				1889DF282AE63E09009EED77 /* WebviewViewController.swift in Sources */,
				18EF8E602B3AF2E000A902D2 /* SplashViewController.swift in Sources */,
				18D832B72ACE8C580098163E /* DetailsViewController.swift in Sources */,
			);
			runOnlyForDeploymentPostprocessing = 0;
		};
/* End PBXSourcesBuildPhase section */

/* Begin PBXVariantGroup section */
		1882359F2A89F281007AEE8A /* Main.storyboard */ = {
			isa = PBXVariantGroup;
			children = (
				188235A02A89F281007AEE8A /* Base */,
			);
			name = Main.storyboard;
			sourceTree = "<group>";
		};
		188235A42A89F284007AEE8A /* LaunchScreen.storyboard */ = {
			isa = PBXVariantGroup;
			children = (
				188235A52A89F284007AEE8A /* Base */,
			);
			name = LaunchScreen.storyboard;
			sourceTree = "<group>";
		};
/* End PBXVariantGroup section */

/* Begin XCBuildConfiguration section */
		188235A82A89F284007AEE8A /* Debug */ = {
			isa = XCBuildConfiguration;
			buildSettings = {
				ALWAYS_SEARCH_USER_PATHS = NO;
				CLANG_ANALYZER_NONNULL = YES;
				CLANG_ANALYZER_NUMBER_OBJECT_CONVERSION = YES_AGGRESSIVE;
				CLANG_CXX_LANGUAGE_STANDARD = "gnu++20";
				CLANG_ENABLE_MODULES = YES;
				CLANG_ENABLE_OBJC_ARC = YES;
				CLANG_ENABLE_OBJC_WEAK = YES;
				CLANG_WARN_BLOCK_CAPTURE_AUTORELEASING = YES;
				CLANG_WARN_BOOL_CONVERSION = YES;
				CLANG_WARN_COMMA = YES;
				CLANG_WARN_CONSTANT_CONVERSION = YES;
				CLANG_WARN_DEPRECATED_OBJC_IMPLEMENTATIONS = YES;
				CLANG_WARN_DIRECT_OBJC_ISA_USAGE = YES_ERROR;
				CLANG_WARN_DOCUMENTATION_COMMENTS = YES;
				CLANG_WARN_EMPTY_BODY = YES;
				CLANG_WARN_ENUM_CONVERSION = YES;
				CLANG_WARN_INFINITE_RECURSION = YES;
				CLANG_WARN_INT_CONVERSION = YES;
				CLANG_WARN_NON_LITERAL_NULL_CONVERSION = YES;
				CLANG_WARN_OBJC_IMPLICIT_RETAIN_SELF = YES;
				CLANG_WARN_OBJC_LITERAL_CONVERSION = YES;
				CLANG_WARN_OBJC_ROOT_CLASS = YES_ERROR;
				CLANG_WARN_QUOTED_INCLUDE_IN_FRAMEWORK_HEADER = YES;
				CLANG_WARN_RANGE_LOOP_ANALYSIS = YES;
				CLANG_WARN_STRICT_PROTOTYPES = YES;
				CLANG_WARN_SUSPICIOUS_MOVE = YES;
				CLANG_WARN_UNGUARDED_AVAILABILITY = YES_AGGRESSIVE;
				CLANG_WARN_UNREACHABLE_CODE = YES;
				CLANG_WARN__DUPLICATE_METHOD_MATCH = YES;
				COPY_PHASE_STRIP = NO;
				DEBUG_INFORMATION_FORMAT = dwarf;
				ENABLE_STRICT_OBJC_MSGSEND = YES;
				ENABLE_TESTABILITY = YES;
				GCC_C_LANGUAGE_STANDARD = gnu11;
				GCC_DYNAMIC_NO_PIC = NO;
				GCC_NO_COMMON_BLOCKS = YES;
				GCC_OPTIMIZATION_LEVEL = 0;
				GCC_PREPROCESSOR_DEFINITIONS = (
					"DEBUG=1",
					"$(inherited)",
				);
				GCC_WARN_64_TO_32_BIT_CONVERSION = YES;
				GCC_WARN_ABOUT_RETURN_TYPE = YES_ERROR;
				GCC_WARN_UNDECLARED_SELECTOR = YES;
				GCC_WARN_UNINITIALIZED_AUTOS = YES_AGGRESSIVE;
				GCC_WARN_UNUSED_FUNCTION = YES;
				GCC_WARN_UNUSED_VARIABLE = YES;
				IPHONEOS_DEPLOYMENT_TARGET = 16.4;
				MTL_ENABLE_DEBUG_INFO = INCLUDE_SOURCE;
				MTL_FAST_MATH = YES;
				ONLY_ACTIVE_ARCH = YES;
				SDKROOT = iphoneos;
				SWIFT_ACTIVE_COMPILATION_CONDITIONS = DEBUG;
				SWIFT_OPTIMIZATION_LEVEL = "-Onone";
			};
			name = Debug;
		};
		188235A92A89F284007AEE8A /* Release */ = {
			isa = XCBuildConfiguration;
			buildSettings = {
				ALWAYS_SEARCH_USER_PATHS = NO;
				CLANG_ANALYZER_NONNULL = YES;
				CLANG_ANALYZER_NUMBER_OBJECT_CONVERSION = YES_AGGRESSIVE;
				CLANG_CXX_LANGUAGE_STANDARD = "gnu++20";
				CLANG_ENABLE_MODULES = YES;
				CLANG_ENABLE_OBJC_ARC = YES;
				CLANG_ENABLE_OBJC_WEAK = YES;
				CLANG_WARN_BLOCK_CAPTURE_AUTORELEASING = YES;
				CLANG_WARN_BOOL_CONVERSION = YES;
				CLANG_WARN_COMMA = YES;
				CLANG_WARN_CONSTANT_CONVERSION = YES;
				CLANG_WARN_DEPRECATED_OBJC_IMPLEMENTATIONS = YES;
				CLANG_WARN_DIRECT_OBJC_ISA_USAGE = YES_ERROR;
				CLANG_WARN_DOCUMENTATION_COMMENTS = YES;
				CLANG_WARN_EMPTY_BODY = YES;
				CLANG_WARN_ENUM_CONVERSION = YES;
				CLANG_WARN_INFINITE_RECURSION = YES;
				CLANG_WARN_INT_CONVERSION = YES;
				CLANG_WARN_NON_LITERAL_NULL_CONVERSION = YES;
				CLANG_WARN_OBJC_IMPLICIT_RETAIN_SELF = YES;
				CLANG_WARN_OBJC_LITERAL_CONVERSION = YES;
				CLANG_WARN_OBJC_ROOT_CLASS = YES_ERROR;
				CLANG_WARN_QUOTED_INCLUDE_IN_FRAMEWORK_HEADER = YES;
				CLANG_WARN_RANGE_LOOP_ANALYSIS = YES;
				CLANG_WARN_STRICT_PROTOTYPES = YES;
				CLANG_WARN_SUSPICIOUS_MOVE = YES;
				CLANG_WARN_UNGUARDED_AVAILABILITY = YES_AGGRESSIVE;
				CLANG_WARN_UNREACHABLE_CODE = YES;
				CLANG_WARN__DUPLICATE_METHOD_MATCH = YES;
				COPY_PHASE_STRIP = NO;
				DEBUG_INFORMATION_FORMAT = "dwarf-with-dsym";
				ENABLE_NS_ASSERTIONS = NO;
				ENABLE_STRICT_OBJC_MSGSEND = YES;
				GCC_C_LANGUAGE_STANDARD = gnu11;
				GCC_NO_COMMON_BLOCKS = YES;
				GCC_WARN_64_TO_32_BIT_CONVERSION = YES;
				GCC_WARN_ABOUT_RETURN_TYPE = YES_ERROR;
				GCC_WARN_UNDECLARED_SELECTOR = YES;
				GCC_WARN_UNINITIALIZED_AUTOS = YES_AGGRESSIVE;
				GCC_WARN_UNUSED_FUNCTION = YES;
				GCC_WARN_UNUSED_VARIABLE = YES;
				IPHONEOS_DEPLOYMENT_TARGET = 16.4;
				MTL_ENABLE_DEBUG_INFO = NO;
				MTL_FAST_MATH = YES;
				SDKROOT = iphoneos;
				SWIFT_COMPILATION_MODE = wholemodule;
				SWIFT_OPTIMIZATION_LEVEL = "-O";
				VALIDATE_PRODUCT = YES;
			};
			name = Release;
		};
		188235AB2A89F284007AEE8A /* Debug */ = {
			isa = XCBuildConfiguration;
			baseConfigurationReference = 6E63D9C4909386F7A824FDD3 /* Pods-NewsApi.debug.xcconfig */;
			buildSettings = {
				ASSETCATALOG_COMPILER_APPICON_NAME = AppIcon;
				ASSETCATALOG_COMPILER_GLOBAL_ACCENT_COLOR_NAME = AccentColor;
				CODE_SIGN_STYLE = Automatic;
				CURRENT_PROJECT_VERSION = 1;
				DEVELOPMENT_TEAM = 5M8M86Z6A5;
				GENERATE_INFOPLIST_FILE = YES;
				INFOPLIST_FILE = NewsApi/Info.plist;
				INFOPLIST_KEY_UIApplicationSupportsIndirectInputEvents = YES;
				INFOPLIST_KEY_UILaunchStoryboardName = LaunchScreen;
				INFOPLIST_KEY_UIMainStoryboardFile = Main;
				INFOPLIST_KEY_UISupportedInterfaceOrientations_iPad = "UIInterfaceOrientationPortrait UIInterfaceOrientationPortraitUpsideDown UIInterfaceOrientationLandscapeLeft UIInterfaceOrientationLandscapeRight";
				INFOPLIST_KEY_UISupportedInterfaceOrientations_iPhone = "UIInterfaceOrientationPortrait UIInterfaceOrientationLandscapeLeft UIInterfaceOrientationLandscapeRight";
				LD_RUNPATH_SEARCH_PATHS = (
					"$(inherited)",
					"@executable_path/Frameworks",
				);
				MARKETING_VERSION = 1.0;
				PRODUCT_BUNDLE_IDENTIFIER = Jigar.NewsApi;
				PRODUCT_NAME = "$(TARGET_NAME)";
				SWIFT_EMIT_LOC_STRINGS = YES;
				SWIFT_VERSION = 5.0;
				TARGETED_DEVICE_FAMILY = "1,2";
			};
			name = Debug;
		};
		188235AC2A89F284007AEE8A /* Release */ = {
			isa = XCBuildConfiguration;
			baseConfigurationReference = 3C8AAC749AB36BAA8D89C542 /* Pods-NewsApi.release.xcconfig */;
			buildSettings = {
				ASSETCATALOG_COMPILER_APPICON_NAME = AppIcon;
				ASSETCATALOG_COMPILER_GLOBAL_ACCENT_COLOR_NAME = AccentColor;
				CODE_SIGN_STYLE = Automatic;
				CURRENT_PROJECT_VERSION = 1;
				DEVELOPMENT_TEAM = 5M8M86Z6A5;
				GENERATE_INFOPLIST_FILE = YES;
				INFOPLIST_FILE = NewsApi/Info.plist;
				INFOPLIST_KEY_UIApplicationSupportsIndirectInputEvents = YES;
				INFOPLIST_KEY_UILaunchStoryboardName = LaunchScreen;
				INFOPLIST_KEY_UIMainStoryboardFile = Main;
				INFOPLIST_KEY_UISupportedInterfaceOrientations_iPad = "UIInterfaceOrientationPortrait UIInterfaceOrientationPortraitUpsideDown UIInterfaceOrientationLandscapeLeft UIInterfaceOrientationLandscapeRight";
				INFOPLIST_KEY_UISupportedInterfaceOrientations_iPhone = "UIInterfaceOrientationPortrait UIInterfaceOrientationLandscapeLeft UIInterfaceOrientationLandscapeRight";
				LD_RUNPATH_SEARCH_PATHS = (
					"$(inherited)",
					"@executable_path/Frameworks",
				);
				MARKETING_VERSION = 1.0;
				PRODUCT_BUNDLE_IDENTIFIER = Jigar.NewsApi;
				PRODUCT_NAME = "$(TARGET_NAME)";
				SWIFT_EMIT_LOC_STRINGS = YES;
				SWIFT_VERSION = 5.0;
				TARGETED_DEVICE_FAMILY = "1,2";
			};
			name = Release;
		};
/* End XCBuildConfiguration section */

/* Begin XCConfigurationList section */
		188235912A89F281007AEE8A /* Build configuration list for PBXProject "NewsApi" */ = {
			isa = XCConfigurationList;
			buildConfigurations = (
				188235A82A89F284007AEE8A /* Debug */,
				188235A92A89F284007AEE8A /* Release */,
			);
			defaultConfigurationIsVisible = 0;
			defaultConfigurationName = Release;
		};
		188235AA2A89F284007AEE8A /* Build configuration list for PBXNativeTarget "NewsApi" */ = {
			isa = XCConfigurationList;
			buildConfigurations = (
				188235AB2A89F284007AEE8A /* Debug */,
				188235AC2A89F284007AEE8A /* Release */,
			);
			defaultConfigurationIsVisible = 0;
			defaultConfigurationName = Release;
		};
/* End XCConfigurationList section */
	};
	rootObject = 1882358E2A89F281007AEE8A /* Project object */;
}
